#MicroXplorer Configuration settings - do not modify
NVIC.FLASH_IRQn=true\:0\:0\:false\:false\:true\:true\:true
RCC.USART1Freq_Value=108000000
Dma.USART3_RX.1.Mode=DMA_CIRCULAR
USART2.IPParameters=VirtualMode-Asynchronous
FATFS._USE_LFN=1
QUADSPI.ClockPrescaler=1
SPI1.VirtualType=VM_MASTER
PB10.Mode=Single Bank 1
RCC.PLLCLKFreq_Value=216000000
PB14.GPIO_Label=USART_TX - TBS
Dma.USART1_RX.2.Instance=DMA2_Stream2
RCC.PLLQCLKFreq_Value=48000000
PD3.GPIOParameters=GPIO_PuPd,GPIO_Label
USART3.SwapParam=ADVFEATURE_SWAP_ENABLE
PC6.GPIO_Label=GPIO_CS - LCD
VP_RTC_VS_RTC_Activate.Mode=RTC_Enabled
RCC.RTCFreq_Value=1000000
PA6.GPIO_Label=SPI1_MISO - LCD
PD4.Locked=true
USART1.IPParameters=VirtualMode-Asynchronous,BaudRate,SwapParam
PD6.GPIO_Label=USART_RX - Retrofit
PinOutPanel.RotationAngle=0
RCC.SYSCLKSource=RCC_SYSCLKSOURCE_PLLCLK
STMicroelectronics.X-CUBE-BLE2.3.2.0.BlueNRGAa2CcWirelessJjBlueNRGAa2JjHCIIiTLIiINTERFACE=UserBoard
USART3.VirtualMode-Asynchronous=VM_ASYNC
RCC.LPTIM1Freq_Value=54000000
NVIC.SVCall_IRQn=true\:0\:0\:false\:false\:true\:false\:false
Dma.USART3_RX.1.Instance=DMA1_Stream1
RCC.LCDTFTFreq_Value=48000000
PD7.GPIO_PuPd=GPIO_PULLUP
SPI1.Direction=SPI_DIRECTION_2LINES
Dma.USART2_RX.0.PeriphDataAlignment=DMA_PDATAALIGN_BYTE
RCC.I2C4Freq_Value=54000000
PE2.Mode=Single Bank 1
PD4.Signal=GPIO_Input
RCC.APB2TimFreq_Value=216000000
PH1/OSC_OUT.Signal=RCC_OSC_OUT
SPI1.CalculateBaudRate=13.5 MBits/s
ADC3.ScanConvMode=ADC_SCAN_ENABLE
RCC.SAI2Freq_Value=96000000
PD8.Signal=USART3_TX
PE5.Signal=GPIO_Input
PE10.Locked=true
PE1.Signal=GPIO_Output
QUADSPI.FlashSize=23
RCC.USART3Freq_Value=54000000
RCC.PLLSAIRCLKFreq_Value=96000000
TIM3.Pulse-PWM\ Generation3\ CH3=20000
ProjectManager.ProjectBuild=false
NVIC.UsageFault_IRQn=true\:0\:0\:false\:false\:true\:false\:false
RCC.RCC_RTC_Clock_Source_FROM_HSE=RCC_RTCCLKSOURCE_HSE_DIV25
PB2.Signal=QUADSPI_CLK
ADC1.ScanConvMode=ADC_SCAN_ENABLE
RCC.RTCClockSelection=RCC_RTCCLKSOURCE_HSE_DIV25
PH0/OSC_IN.Locked=true
ProjectManager.FirmwarePackage=STM32Cube FW_F7 V1.16.1
MxDb.Version=DB.6.0.21
PB0.GPIOParameters=GPIO_Label
PE0.GPIOParameters=GPIO_PuPd,GPIO_Label
ProjectManager.BackupPrevious=false
PC4.GPIO_Label=GPIO_DC - LCD
Dma.USART3_RX.1.Priority=DMA_PRIORITY_LOW
PE9.Signal=GPIO_Input
USB_DEVICE.MANUFACTURER_STRING-CDC_FS=Parazero Technologies LTD.
PB14.Mode=Asynchronous
PE9.Locked=true
SH.ADCx_IN1.ConfNb=1
PB1.GPIO_Label=GPIO_3.3Mux_Stat
PH1/OSC_OUT.Locked=true
SPI1.DataSize=SPI_DATASIZE_8BIT
PE4.GPIO_Label=GPIO_RightButton
ADC3.IPParameters=Rank-0\#ChannelRegularConversion,Channel-0\#ChannelRegularConversion,SamplingTime-0\#ChannelRegularConversion,NbrOfConversionFlag,NbrOfConversion,ScanConvMode
PE2.Signal=QUADSPI_BK1_IO2
PE1.Locked=true
NVIC.PendSV_IRQn=true\:0\:0\:false\:false\:true\:false\:false
PE10.Signal=GPIO_Output
ProjectManager.HalAssertFull=false
ADC1.SamplingTime-0\#ChannelRegularConversion=ADC_SAMPLETIME_15CYCLES
RCC.MCO2PinFreq_Value=216000000
Mcu.Package=LQFP100
RCC.SDMMCClockSelection=RCC_SDMMC1CLKSOURCE_CLK48
PB1.Signal=GPIO_Input
Dma.USART3_RX.1.FIFOMode=DMA_FIFOMODE_DISABLE
Dma.USART3_RX.1.Direction=DMA_PERIPH_TO_MEMORY
PE10.GPIOParameters=PinState,GPIO_Label
PD12.Signal=QUADSPI_BK1_IO1
PD5.GPIOParameters=GPIO_Label
PA14.Locked=true
VP_SYS_VS_Systick.Signal=SYS_VS_Systick
ADC3.Rank-0\#ChannelRegularConversion=1
USART3.IPParameters=VirtualMode-Asynchronous,SwapParam
RCC.DFSDMFreq_Value=108000000
PA5.GPIOParameters=GPIO_Label
PB14.GPIOParameters=GPIO_Label
RCC.APB2CLKDivider=RCC_HCLK_DIV2
NVIC.DMA2_Stream2_IRQn=true\:0\:0\:false\:false\:true\:false\:true
RCC.CECFreq_Value=32786.88524590164
RCC.APB1TimFreq_Value=216000000
STMicroelectronics.X-CUBE-BLE2.3.2.0.PRINT_CSV_FORMAT=1
NVIC.BusFault_IRQn=true\:0\:0\:false\:false\:true\:false\:false
USB_OTG_FS.IPParameters=VirtualMode
PD3.GPIO_PuPd=GPIO_PULLUP
RCC.DFSDMAudioFreq_Value=96000000
NVIC.USART1_IRQn=true\:0\:0\:false\:false\:true\:true\:true
STMicroelectronics.X-CUBE-BLE2.3.2.0_SwParameter=BlueNRGAa2CcWirelessJjBlueNRGAa2JjHCIIiTLIiINTERFACE\:UserBoard;BLE2IiApplicationsCcDeviceJjApplication\:VirtualCOMPort;BlueNRGAa2CcWirelessJjBlueNRGAa2JjUtils\:true;BlueNRGAa2CcWirelessJjBlueNRGAa2JjController\:true;BlueNRGAa2CcWirelessJjBlueNRGAa2JjHCIIiTL\:Basic;
PE10.GPIO_Label=GPIO_BLE - Reset
ADC1.EOCSelection=ADC_EOC_SEQ_CONV
ProjectManager.CustomerFirmwarePackage=
PC4.GPIOParameters=GPIO_Label
FATFS._MIN_SS=4096
ADC2.ScanConvMode=ADC_SCAN_ENABLE
RCC.PLLSAIQCLKFreq_Value=96000000
PA5.Mode=Full_Duplex_Master
PA6.GPIOParameters=GPIO_Label
PD6.GPIOParameters=GPIO_Label
PA0/WKUP.GPIOParameters=GPIO_PuPd,GPIO_Label
RCC.PLLQoutputFreq_Value=48000000
ProjectManager.ProjectFileName=RC-BeyondTheIronCurtain.ioc
ADC1.Rank-0\#ChannelRegularConversion=1
PD9.GPIO_Label=USART3_RX - BLE
Mcu.PinsNb=49
TIM3.AutoReloadPreload=TIM_AUTORELOAD_PRELOAD_ENABLE
ADC1.IPParameters=Rank-0\#ChannelRegularConversion,master,Channel-0\#ChannelRegularConversion,SamplingTime-0\#ChannelRegularConversion,NbrOfConversionFlag,ContinuousConvMode,NbrOfConversion,DMAContinuousRequests,EOCSelection,Mode,ScanConvMode
PC13.Locked=true
PC13.Signal=SYS_WKUP4
PD3.Signal=GPIO_Input
PC6.Signal=GPIO_Output
Dma.USART2_RX.0.Direction=DMA_PERIPH_TO_MEMORY
PD7.Signal=GPIO_Input
PA11.GPIO_Label=USB_DM - White Wire
Dma.USART3_RX.1.MemDataAlignment=DMA_MDATAALIGN_BYTE
RCC.UART8Freq_Value=54000000
RCC.APB1CLKDivider=RCC_HCLK_DIV4
PD6.Mode=Asynchronous
QUADSPI.IPParameters=ClockPrescaler,FlashSize,SampleShifting,FifoThreshold,ChipSelectHighTime
RCC.PWR_Regulator_Voltage_Scale=PWR_REGULATOR_VOLTAGE_SCALE1
TIM3.Channel-PWM\ Generation3\ CH3=TIM_CHANNEL_3
USB_DEVICE.PRODUCT_STRING_CDC_FS=Parazero RC comPort
RCC.USART6Freq_Value=108000000
Dma.USART1_RX.2.Mode=DMA_CIRCULAR
ADC2.IPParameters=Rank-0\#ChannelRegularConversion,Channel-0\#ChannelRegularConversion,SamplingTime-0\#ChannelRegularConversion,NbrOfConversionFlag,ScanConvMode,NbrOfConversion,InjNumberOfConversion
PE8.GPIO_Label=GPIO_BLE - AppOrConfig
PC6.Locked=true
PA9.Signal=USB_OTG_FS_VBUS
STMicroelectronics.X-CUBE-BLE2.3.2.0.BlueNRGAa2CcWirelessJjBlueNRGAa2JjHCIIiTL=Basic
ADC3.NbrOfConversion=1
PD7.Locked=true
PD8.Mode=Asynchronous
PE9.GPIO_Label=GPIO_TriggerButton
Mcu.Pin48=VP_USB_DEVICE_VS_USB_DEVICE_CDC_FS
Mcu.Pin46=VP_RTC_VS_RTC_Activate
Mcu.Pin47=VP_SYS_VS_Systick
PB10.Signal=QUADSPI_BK1_NCS
PB14.Signal=USART1_TX
PA5.Signal=SPI1_SCK
Mcu.Pin40=PD5
Mcu.Pin41=PD6
Mcu.Pin44=PE1
Mcu.Pin45=VP_FATFS_VS_Generic
Mcu.Pin42=PD7
Mcu.Pin43=PE0
PE1.GPIO_Label=GPIO_ChargeEN
ProjectManager.LastFirmware=true
Dma.USART1_RX.2.Priority=DMA_PRIORITY_LOW
Dma.USART3_RX.1.RequestParameters=Instance,Direction,PeriphInc,MemInc,PeriphDataAlignment,MemDataAlignment,Mode,Priority,FIFOMode
NVIC.TIM3_IRQn=true\:0\:0\:false\:false\:true\:true\:true
STMicroelectronics.X-CUBE-BLE2.3.2.0.WirelessJjBlueNRGAa2_Checked=false
NVIC.SPI1_IRQn=true\:0\:0\:false\:false\:true\:true\:true
Dma.USART1_RX.2.Direction=DMA_PERIPH_TO_MEMORY
Mcu.Pin37=PA14
Mcu.Pin38=PD3
PB15.GPIO_Label=USART_RX - TBS
Mcu.Pin35=PA12
RCC.I2C1Freq_Value=54000000
PE8.Signal=GPIO_Output
Mcu.Pin36=PA13
RCC.PLLI2SPCLKFreq_Value=96000000
SPI1.Mode=SPI_MODE_MASTER
Mcu.Pin39=PD4
RCC.RNGFreq_Value=48000000
Mcu.Pin30=PD12
RCC.EthernetFreq_Value=216000000
STMicroelectronics.X-CUBE-BLE2.3.2.0.BlueNRGAa2CcWirelessJjBlueNRGAa2JjController=true
Mcu.Pin33=PA9
TIM3.IPParameters=Channel-PWM Generation3 CH3,Prescaler,Period,AutoReloadPreload,Pulse-PWM Generation3 CH3
PA0/WKUP.GPIO_Label=GPIO_WakeUp
PE3.GPIO_PuPd=GPIO_PULLUP
Mcu.Pin34=PA11
Mcu.Pin31=PD13
Mcu.Pin32=PC6
NVIC.NonMaskableInt_IRQn=true\:0\:0\:false\:false\:true\:false\:true
QUADSPI.FifoThreshold=4
STMicroelectronics.X-CUBE-BLE2.3.2.0.BLE2_DEBUG=1
ADC1.DMAContinuousRequests=DISABLE
PA0/WKUP.GPIO_PuPd=GPIO_PULLUP
FATFS._USE_FIND=1
PA13.Mode=Serial_Wire
ProjectManager.FreePins=true
Dma.USART2_RX.0.MemInc=DMA_MINC_ENABLE
Dma.USART1_RX.2.MemInc=DMA_MINC_ENABLE
RCC.PLLI2SQCLKFreq_Value=96000000
Mcu.Pin26=PB15
Mcu.Pin27=PD8
Mcu.Pin24=PB10
ProjectManager.UnderRoot=true
PE4.GPIO_PuPd=GPIO_PULLUP
Mcu.Pin25=PB14
FATFS._USE_CHMOD=1
Mcu.Pin28=PD9
Mcu.Pin29=PD11
Mcu.Pin22=PE9
Mcu.Pin23=PE10
Mcu.Pin20=PB2
ADC1.master=1
Mcu.Pin21=PE8
PD12.Mode=Single Bank 1
PA5.GPIO_Label=SPI1_SCK - LCD
ADC2.NbrOfConversionFlag=1
NVIC.ForceEnableDMAVector=true
PD11.Signal=QUADSPI_BK1_IO0
NVIC.MemoryManagement_IRQn=true\:0\:0\:false\:false\:true\:false\:false
PE5.GPIO_Label=GPIO_ArmButton
ProjectManager.CompilerOptimize=6
PA11.Signal=USB_OTG_FS_DM
ProjectManager.HeapSize=0x2000
Mcu.Pin15=PA7
NVIC.HardFault_IRQn=true\:0\:0\:false\:false\:true\:false\:false
Mcu.Pin16=PC4
Mcu.Pin13=PA5
Mcu.Pin14=PA6
Mcu.Pin19=PB1
ProjectManager.ComputerToolchain=false
Mcu.Pin17=PC5
Mcu.Pin18=PB0
NVIC.PriorityGroup=NVIC_PRIORITYGROUP_4
Mcu.Pin11=PA2
Mcu.Pin12=PA3
Mcu.Pin10=PA1
PE3.Signal=GPIO_Input
PC15/OSC32_OUT.Signal=RCC_OSC32_OUT
RCC.USART2CLockSelection=RCC_USART2CLKSOURCE_SYSCLK
RCC.I2C2Freq_Value=54000000
RCC.SDMMC2Freq_Value=216000000
PB0.Signal=S_TIM3_CH3
USART1.SwapParam=ADVFEATURE_SWAP_DISABLE
PA7.GPIOParameters=GPIO_Label
PD7.GPIOParameters=GPIO_PuPd,GPIO_Label
Mcu.Family=STM32F7
NVIC.USART3_IRQn=true\:0\:0\:false\:false\:true\:true\:true
ProjectManager.MainLocation=Core/Src
PA6.Mode=Full_Duplex_Master
USB_DEVICE.CLASS_NAME_FS=CDC
PE8.PinState=GPIO_PIN_SET
RCC.SAI1Freq_Value=96000000
RCC.CortexFreq_Value=216000000
ProjectManager.KeepUserCode=true
Mcu.UserName=STM32F777VITx
PD9.GPIOParameters=GPIO_Label
ADC1.ContinuousConvMode=DISABLE
ADC2.Channel-0\#ChannelRegularConversion=ADC_CHANNEL_2
USART1.BaudRate=420000
SH.ADCx_IN2.0=ADC2_IN2,IN2
PC5.Locked=true
PA12.GPIOParameters=GPIO_Label
ProjectManager.functionlistsort=1-MX_GPIO_Init-GPIO-false-HAL-true,2-MX_DMA_Init-DMA-false-HAL-true,3-SystemClock_Config-RCC-false-HAL-false,4-MX_FATFS_Init-FATFS-false-HAL-false,5-MX_QUADSPI_Init-QUADSPI-false-HAL-true,6-MX_SPI1_Init-SPI1-false-HAL-true,7-MX_USB_DEVICE_Init-USB_DEVICE-false-HAL-false,8-MX_ADC1_Init-ADC1-false-HAL-true,9-MX_TIM3_Init-TIM3-false-HAL-true,10-MX_USART2_UART_Init-USART2-false-HAL-true,11-MX_USART1_UART_Init-USART1-false-HAL-true,12-MX_USART3_UART_Init-USART3-false-HAL-true,13-MX_RTC_Init-RTC-false-HAL-true,14-MX_ADC2_Init-ADC2-false-HAL-true,15-MX_ADC3_Init-ADC3-false-HAL-true,0-MX_CORTEX_M7_Init-CORTEX_M7-false-HAL-true
PA11.GPIOParameters=GPIO_Label
PA11.Mode=Device_Only
PA0/WKUP.Signal=GPIO_Input
PB0.GPIO_Label=TIM3_CH3 - BL LCD
PC14/OSC32_IN.Mode=LSE-External-Oscillator
RCC.PLLI2SRCLKFreq_Value=96000000
USB_DEVICE.VirtualMode-CDC_FS=Cdc
RCC.USART2Freq_Value=216000000
PC13.GPIO_Label=AntiTamper
PB15.Signal=USART1_RX
ADC3.Channel-0\#ChannelRegularConversion=ADC_CHANNEL_3
PD9.Mode=Asynchronous
PE5.GPIOParameters=GPIO_PuPd,GPIO_Label
ProjectManager.StackSize=0x4000
RCC.I2C3Freq_Value=54000000
PD13.Signal=QUADSPI_BK1_IO3
Mcu.IP4=DMA
Mcu.IP5=FATFS
RCC.FCLKCortexFreq_Value=216000000
Mcu.IP2=ADC3
NVIC.ADC_IRQn=true\:0\:0\:false\:false\:true\:true\:true
Mcu.IP3=CORTEX_M7
Mcu.IP0=ADC1
Mcu.IP1=ADC2
PA12.Signal=USB_OTG_FS_DP
PE4.GPIOParameters=GPIO_PuPd,GPIO_Label
Dma.USART3_RX.1.MemInc=DMA_MINC_ENABLE
Mcu.UserConstants=
PE5.GPIO_PuPd=GPIO_PULLUP
RCC.SDMMCFreq_Value=48000000
Dma.USART2_RX.0.Priority=DMA_PRIORITY_LOW
Mcu.ThirdPartyNb=1
ADC1.Mode=__NULL
PH0/OSC_IN.Mode=HSE-External-Oscillator
RCC.HCLKFreq_Value=216000000
SH.ADCx_IN3.0=ADC3_IN3,IN3
Mcu.IPNb=18
RCC.PLLI2SRoutputFreq_Value=96000000
ProjectManager.PreviousToolchain=STM32CubeIDE
TIM3.Period=20000
Dma.USART3_RX.1.PeriphDataAlignment=DMA_PDATAALIGN_BYTE
RCC.SPDIFRXFreq_Value=96000000
STMicroelectronics.X-CUBE-BLE2.3.2.0.BLUENRG2_DEBUG=1
PA0/WKUP.Locked=true
SH.ADCx_IN3.ConfNb=1
PD8.GPIOParameters=GPIO_Label
Mcu.Pin6=PC15/OSC32_OUT
Mcu.Pin7=PH0/OSC_IN
Mcu.Pin8=PH1/OSC_OUT
Mcu.Pin9=PA0/WKUP
RCC.VCOSAIOutputFreq_Value=192000000
RCC.AHBFreq_Value=216000000
Mcu.Pin0=PE2
Mcu.Pin1=PE3
PD5.Mode=Asynchronous
GPIO.groupedBy=Group By Peripherals
Mcu.Pin2=PE4
Mcu.Pin3=PE5
STMicroelectronics.X-CUBE-BLE2.3.2.0.IPParameters=BLUENRG2_DEBUG,PRINT_CSV_FORMAT,BLE2_DEBUG,BlueNRGAa2CcWirelessJjBlueNRGAa2JjController,BlueNRGAa2CcWirelessJjBlueNRGAa2JjUtils,BlueNRGAa2CcWirelessJjBlueNRGAa2JjHCIIiTL,BlueNRGAa2CcWirelessJjBlueNRGAa2JjHCIIiTLIiINTERFACE,BLE2IiApplicationsCcDeviceJjApplication
Mcu.Pin4=PC13
Mcu.Pin5=PC14/OSC32_IN
ADC1.Channel-0\#ChannelRegularConversion=ADC_CHANNEL_1
RCC.HSE_VALUE=25000000
NVIC.DebugMonitor_IRQn=true\:0\:0\:false\:false\:true\:false\:false
Mcu.IP10=SPI1
USART2.VirtualMode-Asynchronous=VM_ASYNC
NVIC.SysTick_IRQn=true\:0\:0\:false\:false\:true\:false\:true
Mcu.IP12=TIM3
Mcu.IP11=SYS
Mcu.IP17=USB_OTG_FS
Mcu.ThirdParty0=STMicroelectronics.X-CUBE-BLE2.3.2.0
Mcu.IP14=USART2
Mcu.IP13=USART1
Mcu.IP16=USB_DEVICE
Dma.USART2_RX.0.MemDataAlignment=DMA_MDATAALIGN_BYTE
RCC.LSE_Timout=5000
Mcu.IP15=USART3
RCC.VCOInputFreq_Value=1000000
PA14.Mode=Serial_Wire
PE8.Locked=true
TIM3.Prescaler=216
File.Version=6
Dma.USART2_RX.0.Instance=DMA1_Stream5
PE3.GPIOParameters=GPIO_PuPd,GPIO_Label
PE3.Locked=true
PH1/OSC_OUT.Mode=HSE-External-Oscillator
PE4.Signal=GPIO_Input
QUADSPI.SampleShifting=QSPI_SAMPLE_SHIFTING_HALFCYCLE
Dma.RequestsNb=3
ProjectManager.ProjectName=RC-BeyondTheIronCurtain
FATFS._USE_LABEL=1
PD7.GPIO_Label=GPIO_ApproveButton
PA6.Signal=SPI1_MISO
VP_FATFS_VS_Generic.Signal=FATFS_VS_Generic
Dma.USART2_RX.0.PeriphInc=DMA_PINC_DISABLE
Dma.USART2_RX.0.FIFOMode=DMA_FIFOMODE_DISABLE
RCC.EnbaleCSS=true
PC14/OSC32_IN.Signal=RCC_OSC32_IN
PD5.GPIO_Label=USART_TX - Retrofit
NVIC.OTG_FS_IRQn=true\:0\:0\:false\:false\:true\:false\:true
ProjectManager.ToolChainLocation=
RCC.LSI_VALUE=32000
STMicroelectronics.X-CUBE-BLE2.3.2.0.BLE2IiApplicationsCcDeviceJjApplication=VirtualCOMPort
USB_OTG_FS.VirtualMode=Device_Only
ADC2.SamplingTime-0\#ChannelRegularConversion=ADC_SAMPLETIME_15CYCLES
VP_USB_DEVICE_VS_USB_DEVICE_CDC_FS.Signal=USB_DEVICE_VS_USB_DEVICE_CDC_FS
PE0.GPIO_Label=GPIO_Buzzer
SH.ADCx_IN1.0=ADC1_IN1,IN1
ADC2.NbrOfConversion=1
Dma.Request2=USART1_RX
Dma.Request1=USART3_RX
PC4.Locked=true
FATFS._FS_RPATH=1
PC5.Signal=GPIO_Output
PD3.GPIO_Label=GPIO_UpButton
ADC2.Rank-0\#ChannelRegularConversion=1
PD6.Signal=USART2_RX
Dma.Request0=USART2_RX
SPI1.BaudRatePrescaler=SPI_BAUDRATEPRESCALER_8
Dma.USART1_RX.2.MemDataAlignment=DMA_MDATAALIGN_BYTE
PA3.Signal=ADCx_IN3
PE0.GPIO_PuPd=GPIO_PULLUP
VP_RTC_VS_RTC_Activate.Signal=RTC_VS_RTC_Activate
PE10.PinState=GPIO_PIN_SET
QUADSPI.ChipSelectHighTime=QSPI_CS_HIGH_TIME_2_CYCLE
RCC.I2SFreq_Value=96000000
PE8.GPIOParameters=PinState,GPIO_Label
PA7.Mode=Full_Duplex_Master
RCC.UART7Freq_Value=54000000
ProjectManager.NoMain=false
SPI1.IPParameters=VirtualType,Mode,Direction,CalculateBaudRate,DataSize,BaudRatePrescaler
USB_DEVICE.VirtualModeFS=Cdc_FS
RCC.PLLRFreq_Value=216000000
RCC.RCC_TIM_PRescaler_Selection=RCC_TIMPRES_ACTIVATED
PC4.Signal=GPIO_Output
ProjectManager.DefaultFWLocation=true
PD9.Signal=USART3_RX
PD5.Signal=USART2_TX
NVIC.DMA1_Stream1_IRQn=true\:0\:0\:false\:false\:true\:false\:true
ProjectManager.DeletePrevious=true
SH.S_TIM3_CH3.0=TIM3_CH3,PWM Generation3 CH3
USB_DEVICE.IPParameters=VirtualMode-CDC_FS,VirtualModeFS,CLASS_NAME_FS,USBD_MAX_NUM_CONFIGURATION-CDC_FS,MANUFACTURER_STRING-CDC_FS,PRODUCT_STRING_CDC_FS
NVIC.USART2_IRQn=true\:0\:0\:false\:false\:true\:true\:true
Dma.USART1_RX.2.PeriphInc=DMA_PINC_DISABLE
PA12.GPIO_Label=USB_DP - Green Wire
RCC.FamilyName=M
Dma.USART2_RX.0.Mode=DMA_CIRCULAR
PE9.GPIOParameters=GPIO_PuPd,GPIO_Label
PD8.GPIO_Label=USART3_TX - BLE
FATFS.IPParameters=_MAX_SS,_MIN_SS,_USE_FIND,_USE_CHMOD,_USE_LABEL,_FS_RPATH,_USE_LFN
USART1.VirtualMode-Asynchronous=VM_ASYNC
PA13.Signal=SYS_JTMS-SWDIO
PD4.GPIO_PuPd=GPIO_PULLUP
PA9.Mode=Activate_VBUS
ADC3.SamplingTime-0\#ChannelRegularConversion=ADC_SAMPLETIME_15CYCLES
ProjectManager.TargetToolchain=STM32CubeIDE
NVIC.DMA1_Stream5_IRQn=true\:0\:0\:false\:false\:true\:false\:true
SH.S_TIM3_CH3.ConfNb=1
Dma.USART1_RX.2.PeriphDataAlignment=DMA_PDATAALIGN_BYTE
VP_USB_DEVICE_VS_USB_DEVICE_CDC_FS.Mode=CDC_FS
PC5.GPIOParameters=GPIO_Label
PD13.Mode=Single Bank 1
PE4.Locked=true
ProjectManager.RegisterCallBack=
PE0.Locked=true
RCC.USBFreq_Value=48000000
RCC.PLLSAIoutputFreq_Value=96000000
PD3.Locked=true
PA1.Signal=ADCx_IN1
PB1.Locked=true
VP_FATFS_VS_Generic.Mode=User_defined
RCC.VCOI2SOutputFreq_Value=192000000
RCC.PLLSAIPCLKFreq_Value=96000000
board=custom
Dma.USART1_RX.2.FIFOMode=DMA_FIFOMODE_DISABLE
RCC.VCOOutputFreq_Value=432000000
PB15.Mode=Asynchronous
PH0/OSC_IN.Signal=RCC_OSC_IN
RCC.APB2Freq_Value=108000000
RCC.UART4Freq_Value=54000000
MxCube.Version=6.2.1
PC13.GPIOParameters=GPIO_Label
PD4.GPIO_Label=GPIO_DownButton
SH.ADCx_IN2.ConfNb=1
VP_SYS_VS_Systick.Mode=SysTick
PD4.GPIOParameters=GPIO_PuPd,GPIO_Label
STMicroelectronics.X-CUBE-BLE2.3.2.0.BlueNRGAa2CcWirelessJjBlueNRGAa2JjUtils=true
PE5.Locked=true
RCC.UART5Freq_Value=54000000
ADC1.NbrOfConversion=1
PB15.GPIOParameters=GPIO_Label
PC13.Mode=SYS_WakeUp3
RCC.IPParameters=AHBFreq_Value,APB1CLKDivider,APB1Freq_Value,APB1TimFreq_Value,APB2CLKDivider,APB2Freq_Value,APB2TimFreq_Value,CECFreq_Value,CortexFreq_Value,DFSDMAudioFreq_Value,DFSDMFreq_Value,EnbaleCSS,EthernetFreq_Value,FCLKCortexFreq_Value,FamilyName,HCLKFreq_Value,HSE_VALUE,HSI_VALUE,I2C1Freq_Value,I2C2Freq_Value,I2C3Freq_Value,I2C4Freq_Value,I2SFreq_Value,LCDTFTFreq_Value,LPTIM1Freq_Value,LSE_Timout,LSI_VALUE,MCO2PinFreq_Value,PLLCLKFreq_Value,PLLI2SPCLKFreq_Value,PLLI2SQCLKFreq_Value,PLLI2SRCLKFreq_Value,PLLI2SRoutputFreq_Value,PLLM,PLLN,PLLQ,PLLQCLKFreq_Value,PLLQoutputFreq_Value,PLLRFreq_Value,PLLSAIPCLKFreq_Value,PLLSAIQCLKFreq_Value,PLLSAIRCLKFreq_Value,PLLSAIoutputFreq_Value,PWR_Regulator_Voltage_Scale,RCC_RTC_Clock_Source_FROM_HSE,RCC_TIM_PRescaler_Selection,RNGFreq_Value,RTCClockSelection,RTCFreq_Value,SAI1Freq_Value,SAI2Freq_Value,SDMMC2Freq_Value,SDMMCClockSelection,SDMMCFreq_Value,SPDIFRXFreq_Value,SYSCLKFreq_VALUE,SYSCLKSource,UART4Freq_Value,UART5Freq_Value,UART7Freq_Value,UART8Freq_Value,USART1Freq_Value,USART2CLockSelection,USART2Freq_Value,USART3Freq_Value,USART6Freq_Value,USBFreq_Value,VCOI2SOutputFreq_Value,VCOInputFreq_Value,VCOOutputFreq_Value,VCOSAIOutputFreq_Value
ProjectManager.AskForMigrate=true
PE0.Signal=GPIO_Output
Mcu.Name=STM32F777VITx
PA2.Signal=ADCx_IN2
FATFS._MAX_SS=4096
Mcu.IP8=RCC
Mcu.IP9=RTC
Mcu.IP6=NVIC
Mcu.IP7=QUADSPI
ProjectManager.CoupleFile=true
RCC.SYSCLKFreq_VALUE=216000000
PA7.GPIO_Label=SPI1_MOSI - LCD
PA12.Mode=Device_Only
KeepUserPlacement=false
PC5.GPIO_Label=GPIO_RST - LCD
PB2.Mode=Single Bank 1
PA13.Locked=true
PC15/OSC32_OUT.Mode=LSE-External-Oscillator
STMicroelectronics.X-CUBE-BLE2.3.2.0.DeviceJjBLE2IiApplications_Checked=false
PA14.Signal=SYS_JTCK-SWCLK
PD11.Mode=Single Bank 1
PC6.GPIOParameters=GPIO_Label
RCC.HSI_VALUE=16000000
RCC.PLLQ=9
ADC1.NbrOfConversionFlag=1
USB_DEVICE.USBD_MAX_NUM_CONFIGURATION-CDC_FS=3
RCC.PLLM=25
RCC.PLLN=432
Dma.USART1_RX.2.RequestParameters=Instance,Direction,PeriphInc,MemInc,PeriphDataAlignment,MemDataAlignment,Mode,Priority,FIFOMode
PE3.GPIO_Label=GPIO_LeftButton
PD9.Locked=true
RCC.APB1Freq_Value=54000000
ADC3.NbrOfConversionFlag=1
Dma.USART2_RX.0.RequestParameters=Instance,Direction,PeriphInc,MemInc,PeriphDataAlignment,MemDataAlignment,Mode,Priority,FIFOMode
ADC2.InjNumberOfConversion=0
ProjectManager.DeviceId=STM32F777VITx
ProjectManager.LibraryCopy=1
Dma.USART3_RX.1.PeriphInc=DMA_PINC_DISABLE
PE1.GPIOParameters=GPIO_Label
PB1.GPIOParameters=GPIO_Label
PA7.Signal=SPI1_MOSI
PE9.GPIO_PuPd=GPIO_PULLUP
isbadioc=false
